
Microsoft Visual Studio Solution File, Format Version 12.00
# Visual Studio Version 16
VisualStudioVersion = 16.0.33529.622
MinimumVisualStudioVersion = 10.0.40219.1
Project("{FAE04EC0-301F-11D3-BF4B-00C04F79EFBC}") = "StudentBox", "StudentBox.csproj", "{C929C349-3693-4B11-84B9-09E9A7CCF9BE}"
EndProject
Project("{FAE04EC0-301F-11D3-BF4B-00C04F79EFBC}") = "BLL", "BLL\BLL.csproj", "{BC264FE9-9315-428C-9438-AC74D16459DA}"
EndProject
Project("{FAE04EC0-301F-11D3-BF4B-00C04F79EFBC}") = "PL", "PL\PL.csproj", "{4ED13250-C5D6-4028-AB80-C2449286356F}"
EndProject
Project("{FAE04EC0-301F-11D3-BF4B-00C04F79EFBC}") = "DAL", "DAL\DAL.csproj", "{F12F8C96-1154-4BEA-B5B1-7BEEF45E68C6}"
EndProject
Global
	GlobalSection(SolutionConfigurationPlatforms) = preSolution
		Debug|Any CPU = Debug|Any CPU
		Release|Any CPU = Release|Any CPU
	EndGlobalSection
	GlobalSection(ProjectConfigurationPlatforms) = postSolution
		{C929C349-3693-4B11-84B9-09E9A7CCF9BE}.Debug|Any CPU.ActiveCfg = Debug|Any CPU
		{C929C349-3693-4B11-84B9-09E9A7CCF9BE}.Debug|Any CPU.Build.0 = Debug|Any CPU
		{C929C349-3693-4B11-84B9-09E9A7CCF9BE}.Release|Any CPU.ActiveCfg = Release|Any CPU
		{C929C349-3693-4B11-84B9-09E9A7CCF9BE}.Release|Any CPU.Build.0 = Release|Any CPU
		{BC264FE9-9315-428C-9438-AC74D16459DA}.Debug|Any CPU.ActiveCfg = Debug|Any CPU
		{BC264FE9-9315-428C-9438-AC74D16459DA}.Debug|Any CPU.Build.0 = Debug|Any CPU
		{BC264FE9-9315-428C-9438-AC74D16459DA}.Release|Any CPU.ActiveCfg = Release|Any CPU
		{BC264FE9-9315-428C-9438-AC74D16459DA}.Release|Any CPU.Build.0 = Release|Any CPU
		{4ED13250-C5D6-4028-AB80-C2449286356F}.Debug|Any CPU.ActiveCfg = Debug|Any CPU
		{4ED13250-C5D6-4028-AB80-C2449286356F}.Debug|Any CPU.Build.0 = Debug|Any CPU
		{4ED13250-C5D6-4028-AB80-C2449286356F}.Release|Any CPU.ActiveCfg = Release|Any CPU
		{4ED13250-C5D6-4028-AB80-C2449286356F}.Release|Any CPU.Build.0 = Release|Any CPU
		{F12F8C96-1154-4BEA-B5B1-7BEEF45E68C6}.Debug|Any CPU.ActiveCfg = Debug|Any CPU
		{F12F8C96-1154-4BEA-B5B1-7BEEF45E68C6}.Debug|Any CPU.Build.0 = Debug|Any CPU
		{F12F8C96-1154-4BEA-B5B1-7BEEF45E68C6}.Release|Any CPU.ActiveCfg = Release|Any CPU
		{F12F8C96-1154-4BEA-B5B1-7BEEF45E68C6}.Release|Any CPU.Build.0 = Release|Any CPU
	EndGlobalSection
	GlobalSection(SolutionProperties) = preSolution
		HideSolutionNode = FALSE
	EndGlobalSection
	GlobalSection(ExtensibilityGlobals) = postSolution
		SolutionGuid = {D10FFE07-E04A-4279-8BF5-BCACD2B0C7DE}
	EndGlobalSection
EndGlobal
